
Microsoft Visual Studio Solution File, Format Version 12.00
# Visual Studio 15
VisualStudioVersion = 15.0.26430.16
MinimumVisualStudioVersion = 10.0.40219.1
Project("{2150E333-8FDC-42A3-9474-1A3956D46DE8}") = "Solution Items", "Solution Items", "{D6533109-F40B-4827-A35E-4ABE292DC0F1}"
	ProjectSection(SolutionItems) = preProject
		Deploy-NuGetPackage.ps1 = Deploy-NuGetPackage.ps1
		Install-AzureStorageEmulator.ps1 = Install-AzureStorageEmulator.ps1
		LICENSE = LICENSE
		README.md = README.md
		Test-Project.ps1 = Test-Project.ps1
	EndProjectSection
EndProject
Global
	GlobalSection(SolutionProperties) = preSolution
		HideSolutionNode = FALSE
	EndGlobalSection
EndGlobal
